{
  "name": "@saso/updater",
  "version": "1.0.0",
  "lockfileVersion": 1,
  "requires": true,
  "dependencies": {
    "@legos/wqvue": {
      "version": "1.1.16",
      "resolved": "http://legos.wq.jd.com/legosv5/registry/@legos/wqvue/download/@legos/wqvue-1.1.16.tgz",
      "integrity": "sha1-yANCA1G5Yz3bKqxWF8KeVGv0cGI=",
      "requires": {
        "@legos/wqvue-vue": "1.2.0"
      }
    },
    "@legos/wqvue-vue": {
      "version": "1.2.0",
      "resolved": "http://legos.wq.jd.com/legosv5/registry/@legos/wqvue-vue/download/@legos/wqvue-vue-1.2.0.tgz",
      "integrity": "sha1-udRwj/qxwLgm1wK9mtjKL4XFmyI="
    },
    "chain-get": {
      "version": "1.0.0",
      "resolved": "https://registry.npmjs.org/chain-get/-/chain-get-1.0.0.tgz",
      "integrity": "sha512-c2oaLEQ7HhkCwsxkcxTeMdmS4fWWiSKOfwE7YrnhFmRiEW7V/7Hu9BCACWMzCTMSu3BRI2ILFoISsBYF98wFKA=="
    }
  }
}
