{
  "name": "@saso/cli",
  "version": "1.0.0",
  "lockfileVersion": 1,
  "requires": true,
  "dependencies": {
    "@saso/log": {
      "version": "1.0.0",
      "requires": {
        "cli-color": "1.4.0"
      },
      "dependencies": {
        "ansi-regex": {
          "version": "2.1.1",
          "bundled": true
        },
        "cli-color": {
          "version": "1.4.0",
          "bundled": true,
          "requires": {
            "ansi-regex": "2.1.1",
            "d": "1.0.0",
            "es5-ext": "0.10.46",
            "es6-iterator": "2.0.3",
            "memoizee": "0.4.14",
            "timers-ext": "0.1.7"
          }
        },
        "d": {
          "version": "1.0.0",
          "bundled": true,
          "requires": {
            "es5-ext": "0.10.46"
          }
        },
        "es5-ext": {
          "version": "0.10.46",
          "bundled": true,
          "requires": {
            "es6-iterator": "2.0.3",
            "es6-symbol": "3.1.1",
            "next-tick": "1.0.0"
          }
        },
        "es6-iterator": {
          "version": "2.0.3",
          "bundled": true,
          "requires": {
            "d": "1.0.0",
            "es5-ext": "0.10.46",
            "es6-symbol": "3.1.1"
          }
        },
        "es6-symbol": {
          "version": "3.1.1",
          "bundled": true,
          "requires": {
            "d": "1.0.0",
            "es5-ext": "0.10.46"
          }
        },
        "es6-weak-map": {
          "version": "2.0.2",
          "bundled": true,
          "requires": {
            "d": "1.0.0",
            "es5-ext": "0.10.46",
            "es6-iterator": "2.0.3",
            "es6-symbol": "3.1.1"
          }
        },
        "event-emitter": {
          "version": "0.3.5",
          "bundled": true,
          "requires": {
            "d": "1.0.0",
            "es5-ext": "0.10.46"
          }
        },
        "is-promise": {
          "version": "2.1.0",
          "bundled": true
        },
        "lru-queue": {
          "version": "0.1.0",
          "bundled": true,
          "requires": {
            "es5-ext": "0.10.46"
          }
        },
        "memoizee": {
          "version": "0.4.14",
          "bundled": true,
          "requires": {
            "d": "1.0.0",
            "es5-ext": "0.10.46",
            "es6-weak-map": "2.0.2",
            "event-emitter": "0.3.5",
            "is-promise": "2.1.0",
            "lru-queue": "0.1.0",
            "next-tick": "1.0.0",
            "timers-ext": "0.1.7"
          }
        },
        "next-tick": {
          "version": "1.0.0",
          "bundled": true
        },
        "timers-ext": {
          "version": "0.1.7",
          "bundled": true,
          "requires": {
            "es5-ext": "0.10.46",
            "next-tick": "1.0.0"
          }
        }
      }
    },
    "commander": {
      "version": "2.19.0",
      "resolved": "https://registry.npmjs.org/commander/-/commander-2.19.0.tgz",
      "integrity": "sha1-9hmKqE5bg8RgVLlN3tv+1e6f8So="
    },
    "find-up": {
      "version": "3.0.0",
      "resolved": "https://registry.npmjs.org/find-up/-/find-up-3.0.0.tgz",
      "integrity": "sha1-SRafHXmTQwZG2mHsxa41XCHJe3M=",
      "requires": {
        "locate-path": "3.0.0"
      }
    },
    "locate-path": {
      "version": "3.0.0",
      "resolved": "https://registry.npmjs.org/locate-path/-/locate-path-3.0.0.tgz",
      "integrity": "sha1-2+w7OrdZdYBxtY/ln8QYca8hQA4=",
      "requires": {
        "p-locate": "3.0.0",
        "path-exists": "3.0.0"
      }
    },
    "p-limit": {
      "version": "2.1.0",
      "resolved": "https://registry.npmjs.org/p-limit/-/p-limit-2.1.0.tgz",
      "integrity": "sha1-HVoNIPsScHx1imVfa7xDhrWTDWg=",
      "requires": {
        "p-try": "2.0.0"
      }
    },
    "p-locate": {
      "version": "3.0.0",
      "resolved": "https://registry.npmjs.org/p-locate/-/p-locate-3.0.0.tgz",
      "integrity": "sha1-Mi1poFwCZLJZl9n0DNiokasAZKQ=",
      "requires": {
        "p-limit": "2.1.0"
      }
    },
    "p-try": {
      "version": "2.0.0",
      "resolved": "https://registry.npmjs.org/p-try/-/p-try-2.0.0.tgz",
      "integrity": "sha1-hQgLuHxkaI+keZb+j3376CEXYLE="
    },
    "path-exists": {
      "version": "3.0.0",
      "resolved": "https://registry.npmjs.org/path-exists/-/path-exists-3.0.0.tgz",
      "integrity": "sha1-zg6+ql94yxiSXqfYENe1mwEP1RU="
    }
  }
}
